
Microsoft Visual Studio Solution File, Format Version 12.00
# Visual Studio Version 17
VisualStudioVersion = 17.0.32014.148
MinimumVisualStudioVersion = 10.0.40219.1
Project("{FAE04EC0-301F-11D3-BF4B-00C04F79EFBC}") = "Генератор текста на основе Т9", "Генератор текста на основе Т9\Генератор текста на основе Т9.csproj", "{DD5BEA0F-42E2-464B-90C6-10AB88E07769}"
EndProject
Global
	GlobalSection(SolutionConfigurationPlatforms) = preSolution
		Debug|Any CPU = Debug|Any CPU
		Release|Any CPU = Release|Any CPU
	EndGlobalSection
	GlobalSection(ProjectConfigurationPlatforms) = postSolution
		{DD5BEA0F-42E2-464B-90C6-10AB88E07769}.Debug|Any CPU.ActiveCfg = Debug|Any CPU
		{DD5BEA0F-42E2-464B-90C6-10AB88E07769}.Debug|Any CPU.Build.0 = Debug|Any CPU
		{DD5BEA0F-42E2-464B-90C6-10AB88E07769}.Release|Any CPU.ActiveCfg = Release|Any CPU
		{DD5BEA0F-42E2-464B-90C6-10AB88E07769}.Release|Any CPU.Build.0 = Release|Any CPU
	EndGlobalSection
	GlobalSection(SolutionProperties) = preSolution
		HideSolutionNode = FALSE
	EndGlobalSection
	GlobalSection(ExtensibilityGlobals) = postSolution
		SolutionGuid = {9439E9DF-5125-4413-873F-A5E88D154CC1}
	EndGlobalSection
EndGlobal
